
Microsoft Visual Studio Solution File, Format Version 11.00
# Visual Studio 2010
Project("{FAE04EC0-301F-11D3-BF4B-00C04F79EFBC}") = "ObjektnoUvod", "ObjektnoUvod\ObjektnoUvod.csproj", "{D7974793-64EA-4B4C-9B22-5D2C35443714}"
EndProject
Global
	GlobalSection(SolutionConfigurationPlatforms) = preSolution
		Debug|x86 = Debug|x86
		Release|x86 = Release|x86
	EndGlobalSection
	GlobalSection(ProjectConfigurationPlatforms) = postSolution
		{D7974793-64EA-4B4C-9B22-5D2C35443714}.Debug|x86.ActiveCfg = Debug|x86
		{D7974793-64EA-4B4C-9B22-5D2C35443714}.Debug|x86.Build.0 = Debug|x86
		{D7974793-64EA-4B4C-9B22-5D2C35443714}.Release|x86.ActiveCfg = Release|x86
		{D7974793-64EA-4B4C-9B22-5D2C35443714}.Release|x86.Build.0 = Release|x86
	EndGlobalSection
	GlobalSection(SolutionProperties) = preSolution
		HideSolutionNode = FALSE
	EndGlobalSection
EndGlobal
