
Microsoft Visual Studio Solution File, Format Version 12.00
# Visual Studio 15
VisualStudioVersion = 15.0.28010.2019
MinimumVisualStudioVersion = 10.0.40219.1
Project("{FAE04EC0-301F-11D3-BF4B-00C04F79EFBC}") = "SintaksaProject", "SintaksaProject\SintaksaProject.csproj", "{12636122-CCB4-41B3-93A7-F4300A4DE320}"
EndProject
Global
	GlobalSection(SolutionConfigurationPlatforms) = preSolution
		Debug|Any CPU = Debug|Any CPU
		Release|Any CPU = Release|Any CPU
	EndGlobalSection
	GlobalSection(ProjectConfigurationPlatforms) = postSolution
		{12636122-CCB4-41B3-93A7-F4300A4DE320}.Debug|Any CPU.ActiveCfg = Debug|Any CPU
		{12636122-CCB4-41B3-93A7-F4300A4DE320}.Debug|Any CPU.Build.0 = Debug|Any CPU
		{12636122-CCB4-41B3-93A7-F4300A4DE320}.Release|Any CPU.ActiveCfg = Release|Any CPU
		{12636122-CCB4-41B3-93A7-F4300A4DE320}.Release|Any CPU.Build.0 = Release|Any CPU
	EndGlobalSection
	GlobalSection(SolutionProperties) = preSolution
		HideSolutionNode = FALSE
	EndGlobalSection
	GlobalSection(ExtensibilityGlobals) = postSolution
		SolutionGuid = {0C485FB8-F3A4-4178-A1C8-044E86329089}
	EndGlobalSection
EndGlobal
